
Microsoft Visual Studio Solution File, Format Version 12.00
# Visual Studio Version 16
VisualStudioVersion = 16.0.28803.352
MinimumVisualStudioVersion = 10.0.40219.1
Project("{FAE04EC0-301F-11D3-BF4B-00C04F79EFBC}") = "Entities", "Entities\Entities.csproj", "{BDC56B01-DBDA-469A-96C7-1A0D218854B6}"
EndProject
Project("{FAE04EC0-301F-11D3-BF4B-00C04F79EFBC}") = "UsersAwardsBLL", "UsersAwardsBLL\UsersAwardsBLL.csproj", "{90AD0606-B931-41F0-AA12-A5A3576F166A}"
EndProject
Project("{FAE04EC0-301F-11D3-BF4B-00C04F79EFBC}") = "UsersAwardsDAL", "UsersAwardsDAL\UsersAwardsDAL.csproj", "{1C8B7137-710A-47A0-8F30-0BE78D9E7377}"
EndProject
Project("{FAE04EC0-301F-11D3-BF4B-00C04F79EFBC}") = "UsersAwardsPL", "UsersAwardsPL\UsersAwardsPL.csproj", "{D3BD2E91-214E-4BF0-9394-C410E45C5FF8}"
EndProject
Global
	GlobalSection(SolutionConfigurationPlatforms) = preSolution
		Debug|Any CPU = Debug|Any CPU
		Release|Any CPU = Release|Any CPU
	EndGlobalSection
	GlobalSection(ProjectConfigurationPlatforms) = postSolution
		{BDC56B01-DBDA-469A-96C7-1A0D218854B6}.Debug|Any CPU.ActiveCfg = Debug|Any CPU
		{BDC56B01-DBDA-469A-96C7-1A0D218854B6}.Debug|Any CPU.Build.0 = Debug|Any CPU
		{BDC56B01-DBDA-469A-96C7-1A0D218854B6}.Release|Any CPU.ActiveCfg = Release|Any CPU
		{BDC56B01-DBDA-469A-96C7-1A0D218854B6}.Release|Any CPU.Build.0 = Release|Any CPU
		{90AD0606-B931-41F0-AA12-A5A3576F166A}.Debug|Any CPU.ActiveCfg = Debug|Any CPU
		{90AD0606-B931-41F0-AA12-A5A3576F166A}.Debug|Any CPU.Build.0 = Debug|Any CPU
		{90AD0606-B931-41F0-AA12-A5A3576F166A}.Release|Any CPU.ActiveCfg = Release|Any CPU
		{90AD0606-B931-41F0-AA12-A5A3576F166A}.Release|Any CPU.Build.0 = Release|Any CPU
		{1C8B7137-710A-47A0-8F30-0BE78D9E7377}.Debug|Any CPU.ActiveCfg = Debug|Any CPU
		{1C8B7137-710A-47A0-8F30-0BE78D9E7377}.Debug|Any CPU.Build.0 = Debug|Any CPU
		{1C8B7137-710A-47A0-8F30-0BE78D9E7377}.Release|Any CPU.ActiveCfg = Release|Any CPU
		{1C8B7137-710A-47A0-8F30-0BE78D9E7377}.Release|Any CPU.Build.0 = Release|Any CPU
		{D3BD2E91-214E-4BF0-9394-C410E45C5FF8}.Debug|Any CPU.ActiveCfg = Debug|Any CPU
		{D3BD2E91-214E-4BF0-9394-C410E45C5FF8}.Debug|Any CPU.Build.0 = Debug|Any CPU
		{D3BD2E91-214E-4BF0-9394-C410E45C5FF8}.Release|Any CPU.ActiveCfg = Release|Any CPU
		{D3BD2E91-214E-4BF0-9394-C410E45C5FF8}.Release|Any CPU.Build.0 = Release|Any CPU
	EndGlobalSection
	GlobalSection(SolutionProperties) = preSolution
		HideSolutionNode = FALSE
	EndGlobalSection
	GlobalSection(ExtensibilityGlobals) = postSolution
		SolutionGuid = {94689EEA-F3A4-4D2D-ABF9-1F99BF0E4D59}
	EndGlobalSection
EndGlobal
