
Microsoft Visual Studio Solution File, Format Version 12.00
# Visual Studio 15
VisualStudioVersion = 15.0.28307.421
MinimumVisualStudioVersion = 10.0.40219.1
Project("{9A19103F-16F7-4668-BE54-9A1E7A4F7556}") = "Task01", "Task01\Task01.csproj", "{A8F47334-30BD-4E70-A67E-B31C73C225BE}"
EndProject
Project("{FAE04EC0-301F-11D3-BF4B-00C04F79EFBC}") = "Task02", "Task02\Task02.csproj", "{0BDA11A6-FC29-4862-AF44-75937676AA5B}"
EndProject
Project("{FAE04EC0-301F-11D3-BF4B-00C04F79EFBC}") = "Task03", "Task03\Task03.csproj", "{AABFB3AB-7DC8-4514-B76B-32F037F97456}"
EndProject
Global
	GlobalSection(SolutionConfigurationPlatforms) = preSolution
		Debug|Any CPU = Debug|Any CPU
		Release|Any CPU = Release|Any CPU
	EndGlobalSection
	GlobalSection(ProjectConfigurationPlatforms) = postSolution
		{A8F47334-30BD-4E70-A67E-B31C73C225BE}.Debug|Any CPU.ActiveCfg = Debug|Any CPU
		{A8F47334-30BD-4E70-A67E-B31C73C225BE}.Debug|Any CPU.Build.0 = Debug|Any CPU
		{A8F47334-30BD-4E70-A67E-B31C73C225BE}.Release|Any CPU.ActiveCfg = Release|Any CPU
		{A8F47334-30BD-4E70-A67E-B31C73C225BE}.Release|Any CPU.Build.0 = Release|Any CPU
		{0BDA11A6-FC29-4862-AF44-75937676AA5B}.Debug|Any CPU.ActiveCfg = Debug|Any CPU
		{0BDA11A6-FC29-4862-AF44-75937676AA5B}.Debug|Any CPU.Build.0 = Debug|Any CPU
		{0BDA11A6-FC29-4862-AF44-75937676AA5B}.Release|Any CPU.ActiveCfg = Release|Any CPU
		{0BDA11A6-FC29-4862-AF44-75937676AA5B}.Release|Any CPU.Build.0 = Release|Any CPU
		{AABFB3AB-7DC8-4514-B76B-32F037F97456}.Debug|Any CPU.ActiveCfg = Debug|Any CPU
		{AABFB3AB-7DC8-4514-B76B-32F037F97456}.Debug|Any CPU.Build.0 = Debug|Any CPU
		{AABFB3AB-7DC8-4514-B76B-32F037F97456}.Release|Any CPU.ActiveCfg = Release|Any CPU
		{AABFB3AB-7DC8-4514-B76B-32F037F97456}.Release|Any CPU.Build.0 = Release|Any CPU
	EndGlobalSection
	GlobalSection(SolutionProperties) = preSolution
		HideSolutionNode = FALSE
	EndGlobalSection
	GlobalSection(ExtensibilityGlobals) = postSolution
		SolutionGuid = {3EF2E2FE-F7FF-4603-8A23-F6DCB856C07D}
	EndGlobalSection
EndGlobal
